
Microsoft Visual Studio Solution File, Format Version 12.00
# Visual Studio Version 16
VisualStudioVersion = 16.0.31105.61
MinimumVisualStudioVersion = 10.0.40219.1
Project("{FAE04EC0-301F-11D3-BF4B-00C04F79EFBC}") = "Task_12_1_5", "Task_12_1_5\Task_12_1_5.csproj", "{B005E73B-5EFB-4345-B0D6-D20BD1B76D5D}"
EndProject
Global
	GlobalSection(SolutionConfigurationPlatforms) = preSolution
		Debug|Any CPU = Debug|Any CPU
		Release|Any CPU = Release|Any CPU
	EndGlobalSection
	GlobalSection(ProjectConfigurationPlatforms) = postSolution
		{B005E73B-5EFB-4345-B0D6-D20BD1B76D5D}.Debug|Any CPU.ActiveCfg = Debug|Any CPU
		{B005E73B-5EFB-4345-B0D6-D20BD1B76D5D}.Debug|Any CPU.Build.0 = Debug|Any CPU
		{B005E73B-5EFB-4345-B0D6-D20BD1B76D5D}.Release|Any CPU.ActiveCfg = Release|Any CPU
		{B005E73B-5EFB-4345-B0D6-D20BD1B76D5D}.Release|Any CPU.Build.0 = Release|Any CPU
	EndGlobalSection
	GlobalSection(SolutionProperties) = preSolution
		HideSolutionNode = FALSE
	EndGlobalSection
	GlobalSection(ExtensibilityGlobals) = postSolution
		SolutionGuid = {B1B9D831-1019-4738-93F1-AC9D6A84C7FB}
	EndGlobalSection
EndGlobal
